// !$*UTF8*$!
{
	archiveVersion = 1;
	classes = {
	};
	objectVersion = 56;
	objects = {

/* Begin PBXBuildFile section */
		A4B334AF2A024DED0097EA65 /* AppDelegate.swift in Sources */ = {isa = PBXBuildFile; fileRef = A4B334AE2A024DED0097EA65 /* AppDelegate.swift */; };
		A4B334B12A024DED0097EA65 /* SceneDelegate.swift in Sources */ = {isa = PBXBuildFile; fileRef = A4B334B02A024DED0097EA65 /* SceneDelegate.swift */; };
		A4B334B32A024DED0097EA65 /* AnasayfaVC.swift in Sources */ = {isa = PBXBuildFile; fileRef = A4B334B22A024DED0097EA65 /* AnasayfaVC.swift */; };
		A4B334B62A024DED0097EA65 /* Main.storyboard in Resources */ = {isa = PBXBuildFile; fileRef = A4B334B42A024DED0097EA65 /* Main.storyboard */; };
		A4B334B82A024DEE0097EA65 /* Assets.xcassets in Resources */ = {isa = PBXBuildFile; fileRef = A4B334B72A024DEE0097EA65 /* Assets.xcassets */; };
		A4B334BB2A024DEE0097EA65 /* LaunchScreen.storyboard in Resources */ = {isa = PBXBuildFile; fileRef = A4B334B92A024DEE0097EA65 /* LaunchScreen.storyboard */; };
		A4B334C32A024EA80097EA65 /* KisiKayitVC.swift in Sources */ = {isa = PBXBuildFile; fileRef = A4B334C22A024EA80097EA65 /* KisiKayitVC.swift */; };
		A4B334C52A024EB50097EA65 /* KisiDetayVC.swift in Sources */ = {isa = PBXBuildFile; fileRef = A4B334C42A024EB50097EA65 /* KisiDetayVC.swift */; };
		A4B334C72A0253100097EA65 /* Kisiler.swift in Sources */ = {isa = PBXBuildFile; fileRef = A4B334C62A0253100097EA65 /* Kisiler.swift */; };
		A4B334C92A0256830097EA65 /* TableViewCell.swift in Sources */ = {isa = PBXBuildFile; fileRef = A4B334C82A0256830097EA65 /* TableViewCell.swift */; };
		A4B334E12A02619E0097EA65 /* AnasayfaPresenter.swift in Sources */ = {isa = PBXBuildFile; fileRef = A4B334E02A02619E0097EA65 /* AnasayfaPresenter.swift */; };
		A4B334E32A0261B60097EA65 /* AnasayfaInteractor.swift in Sources */ = {isa = PBXBuildFile; fileRef = A4B334E22A0261B60097EA65 /* AnasayfaInteractor.swift */; };
		A4B334E52A0261C70097EA65 /* AnasayfaProtocols.swift in Sources */ = {isa = PBXBuildFile; fileRef = A4B334E42A0261C70097EA65 /* AnasayfaProtocols.swift */; };
		A4B334E82A0261D80097EA65 /* AnasayfaRouter.swift in Sources */ = {isa = PBXBuildFile; fileRef = A4B334E72A0261D80097EA65 /* AnasayfaRouter.swift */; };
		A4B334EA2A0262280097EA65 /* KisiKayitPresenter.swift in Sources */ = {isa = PBXBuildFile; fileRef = A4B334E92A0262280097EA65 /* KisiKayitPresenter.swift */; };
		A4B334EC2A0262440097EA65 /* KisiKayitInteractor.swift in Sources */ = {isa = PBXBuildFile; fileRef = A4B334EB2A0262440097EA65 /* KisiKayitInteractor.swift */; };
		A4B334EE2A0262760097EA65 /* KisiKayitProtocols.swift in Sources */ = {isa = PBXBuildFile; fileRef = A4B334ED2A0262760097EA65 /* KisiKayitProtocols.swift */; };
		A4B334F02A0262880097EA65 /* KisiKayitRouter.swift in Sources */ = {isa = PBXBuildFile; fileRef = A4B334EF2A0262880097EA65 /* KisiKayitRouter.swift */; };
		A4B334F22A0262B80097EA65 /* KisiDetayPresenter.swift in Sources */ = {isa = PBXBuildFile; fileRef = A4B334F12A0262B80097EA65 /* KisiDetayPresenter.swift */; };
		A4B334F42A0262D30097EA65 /* KisiDetayInteractor.swift in Sources */ = {isa = PBXBuildFile; fileRef = A4B334F32A0262D30097EA65 /* KisiDetayInteractor.swift */; };
		A4B334F62A0262F80097EA65 /* KisiDetayProtocols.swift in Sources */ = {isa = PBXBuildFile; fileRef = A4B334F52A0262F80097EA65 /* KisiDetayProtocols.swift */; };
		A4B334F82A0263090097EA65 /* KisiDetayRouter.swift in Sources */ = {isa = PBXBuildFile; fileRef = A4B334F72A0263090097EA65 /* KisiDetayRouter.swift */; };
		A4FA47972A03B0D000A217EA /* FirebaseDatabase in Frameworks */ = {isa = PBXBuildFile; productRef = A4FA47962A03B0D000A217EA /* FirebaseDatabase */; };
		A4FA47992A03B15B00A217EA /* GoogleService-Info.plist in Resources */ = {isa = PBXBuildFile; fileRef = A4FA47982A03B15B00A217EA /* GoogleService-Info.plist */; };
/* End PBXBuildFile section */

/* Begin PBXFileReference section */
		A4B334AB2A024DED0097EA65 /* PersonsAppVIPER.app */ = {isa = PBXFileReference; explicitFileType = wrapper.application; includeInIndex = 0; path = PersonsAppVIPER.app; sourceTree = BUILT_PRODUCTS_DIR; };
		A4B334AE2A024DED0097EA65 /* AppDelegate.swift */ = {isa = PBXFileReference; lastKnownFileType = sourcecode.swift; path = AppDelegate.swift; sourceTree = "<group>"; };
		A4B334B02A024DED0097EA65 /* SceneDelegate.swift */ = {isa = PBXFileReference; lastKnownFileType = sourcecode.swift; path = SceneDelegate.swift; sourceTree = "<group>"; };
		A4B334B22A024DED0097EA65 /* AnasayfaVC.swift */ = {isa = PBXFileReference; lastKnownFileType = sourcecode.swift; path = AnasayfaVC.swift; sourceTree = "<group>"; };
		A4B334B52A024DED0097EA65 /* Base */ = {isa = PBXFileReference; lastKnownFileType = file.storyboard; name = Base; path = Base.lproj/Main.storyboard; sourceTree = "<group>"; };
		A4B334B72A024DEE0097EA65 /* Assets.xcassets */ = {isa = PBXFileReference; lastKnownFileType = folder.assetcatalog; path = Assets.xcassets; sourceTree = "<group>"; };
		A4B334BA2A024DEE0097EA65 /* Base */ = {isa = PBXFileReference; lastKnownFileType = file.storyboard; name = Base; path = Base.lproj/LaunchScreen.storyboard; sourceTree = "<group>"; };
		A4B334BC2A024DEE0097EA65 /* Info.plist */ = {isa = PBXFileReference; lastKnownFileType = text.plist.xml; path = Info.plist; sourceTree = "<group>"; };
		A4B334C22A024EA80097EA65 /* KisiKayitVC.swift */ = {isa = PBXFileReference; lastKnownFileType = sourcecode.swift; path = KisiKayitVC.swift; sourceTree = "<group>"; };
		A4B334C42A024EB50097EA65 /* KisiDetayVC.swift */ = {isa = PBXFileReference; lastKnownFileType = sourcecode.swift; path = KisiDetayVC.swift; sourceTree = "<group>"; };
		A4B334C62A0253100097EA65 /* Kisiler.swift */ = {isa = PBXFileReference; lastKnownFileType = sourcecode.swift; path = Kisiler.swift; sourceTree = "<group>"; };
		A4B334C82A0256830097EA65 /* TableViewCell.swift */ = {isa = PBXFileReference; lastKnownFileType = sourcecode.swift; path = TableViewCell.swift; sourceTree = "<group>"; };
		A4B334E02A02619E0097EA65 /* AnasayfaPresenter.swift */ = {isa = PBXFileReference; lastKnownFileType = sourcecode.swift; path = AnasayfaPresenter.swift; sourceTree = "<group>"; };
		A4B334E22A0261B60097EA65 /* AnasayfaInteractor.swift */ = {isa = PBXFileReference; lastKnownFileType = sourcecode.swift; path = AnasayfaInteractor.swift; sourceTree = "<group>"; };
		A4B334E42A0261C70097EA65 /* AnasayfaProtocols.swift */ = {isa = PBXFileReference; lastKnownFileType = sourcecode.swift; path = AnasayfaProtocols.swift; sourceTree = "<group>"; };
		A4B334E72A0261D80097EA65 /* AnasayfaRouter.swift */ = {isa = PBXFileReference; lastKnownFileType = sourcecode.swift; path = AnasayfaRouter.swift; sourceTree = "<group>"; };
		A4B334E92A0262280097EA65 /* KisiKayitPresenter.swift */ = {isa = PBXFileReference; lastKnownFileType = sourcecode.swift; path = KisiKayitPresenter.swift; sourceTree = "<group>"; };
		A4B334EB2A0262440097EA65 /* KisiKayitInteractor.swift */ = {isa = PBXFileReference; lastKnownFileType = sourcecode.swift; path = KisiKayitInteractor.swift; sourceTree = "<group>"; };
		A4B334ED2A0262760097EA65 /* KisiKayitProtocols.swift */ = {isa = PBXFileReference; lastKnownFileType = sourcecode.swift; path = KisiKayitProtocols.swift; sourceTree = "<group>"; };
		A4B334EF2A0262880097EA65 /* KisiKayitRouter.swift */ = {isa = PBXFileReference; lastKnownFileType = sourcecode.swift; path = KisiKayitRouter.swift; sourceTree = "<group>"; };
		A4B334F12A0262B80097EA65 /* KisiDetayPresenter.swift */ = {isa = PBXFileReference; lastKnownFileType = sourcecode.swift; path = KisiDetayPresenter.swift; sourceTree = "<group>"; };
		A4B334F32A0262D30097EA65 /* KisiDetayInteractor.swift */ = {isa = PBXFileReference; lastKnownFileType = sourcecode.swift; path = KisiDetayInteractor.swift; sourceTree = "<group>"; };
		A4B334F52A0262F80097EA65 /* KisiDetayProtocols.swift */ = {isa = PBXFileReference; lastKnownFileType = sourcecode.swift; path = KisiDetayProtocols.swift; sourceTree = "<group>"; };
		A4B334F72A0263090097EA65 /* KisiDetayRouter.swift */ = {isa = PBXFileReference; lastKnownFileType = sourcecode.swift; path = KisiDetayRouter.swift; sourceTree = "<group>"; };
		A4FA47982A03B15B00A217EA /* GoogleService-Info.plist */ = {isa = PBXFileReference; fileEncoding = 4; lastKnownFileType = text.plist.xml; name = "GoogleService-Info.plist"; path = "../../../../../../../Downloads/GoogleService-Info.plist"; sourceTree = "<group>"; };
/* End PBXFileReference section */

/* Begin PBXFrameworksBuildPhase section */
		A4B334A82A024DED0097EA65 /* Frameworks */ = {
			isa = PBXFrameworksBuildPhase;
			buildActionMask = 2147483647;
			files = (
				A4FA47972A03B0D000A217EA /* FirebaseDatabase in Frameworks */,
			);
			runOnlyForDeploymentPostprocessing = 0;
		};
/* End PBXFrameworksBuildPhase section */

/* Begin PBXGroup section */
		A4B334A22A024DED0097EA65 = {
			isa = PBXGroup;
			children = (
				A4B334AD2A024DED0097EA65 /* PersonsAppVIPER */,
				A4B334AC2A024DED0097EA65 /* Products */,
			);
			sourceTree = "<group>";
		};
		A4B334AC2A024DED0097EA65 /* Products */ = {
			isa = PBXGroup;
			children = (
				A4B334AB2A024DED0097EA65 /* PersonsAppVIPER.app */,
			);
			name = Products;
			sourceTree = "<group>";
		};
		A4B334AD2A024DED0097EA65 /* PersonsAppVIPER */ = {
			isa = PBXGroup;
			children = (
				A4B334AE2A024DED0097EA65 /* AppDelegate.swift */,
				A4B334B02A024DED0097EA65 /* SceneDelegate.swift */,
				A4B334DF2A02614B0097EA65 /* entity */,
				A4B334CA2A025FFF0097EA65 /* anasayfa-module */,
				A4B334D12A0260660097EA65 /* kisikayit-module */,
				A4B334D22A0260720097EA65 /* kisiDetay-module */,
				A4B334B42A024DED0097EA65 /* Main.storyboard */,
				A4B334B72A024DEE0097EA65 /* Assets.xcassets */,
				A4B334B92A024DEE0097EA65 /* LaunchScreen.storyboard */,
				A4B334BC2A024DEE0097EA65 /* Info.plist */,
				A4FA47982A03B15B00A217EA /* GoogleService-Info.plist */,
			);
			path = PersonsAppVIPER;
			sourceTree = "<group>";
		};
		A4B334CA2A025FFF0097EA65 /* anasayfa-module */ = {
			isa = PBXGroup;
			children = (
				A4B334DE2A0261400097EA65 /* tableView */,
				A4B334D02A0260590097EA65 /* presenter */,
				A4B334CF2A02604D0097EA65 /* interactor */,
				A4B334CD2A0260190097EA65 /* protocols */,
				A4B334CC2A0260120097EA65 /* router */,
				A4B334CB2A02600C0097EA65 /* view */,
			);
			path = "anasayfa-module";
			sourceTree = "<group>";
		};
		A4B334CB2A02600C0097EA65 /* view */ = {
			isa = PBXGroup;
			children = (
				A4B334B22A024DED0097EA65 /* AnasayfaVC.swift */,
			);
			path = view;
			sourceTree = "<group>";
		};
		A4B334CC2A0260120097EA65 /* router */ = {
			isa = PBXGroup;
			children = (
				A4B334E72A0261D80097EA65 /* AnasayfaRouter.swift */,
			);
			path = router;
			sourceTree = "<group>";
		};
		A4B334CD2A0260190097EA65 /* protocols */ = {
			isa = PBXGroup;
			children = (
				A4B334E42A0261C70097EA65 /* AnasayfaProtocols.swift */,
			);
			path = protocols;
			sourceTree = "<group>";
		};
		A4B334CF2A02604D0097EA65 /* interactor */ = {
			isa = PBXGroup;
			children = (
				A4B334E22A0261B60097EA65 /* AnasayfaInteractor.swift */,
			);
			path = interactor;
			sourceTree = "<group>";
		};
		A4B334D02A0260590097EA65 /* presenter */ = {
			isa = PBXGroup;
			children = (
				A4B334E02A02619E0097EA65 /* AnasayfaPresenter.swift */,
			);
			path = presenter;
			sourceTree = "<group>";
		};
		A4B334D12A0260660097EA65 /* kisikayit-module */ = {
			isa = PBXGroup;
			children = (
				A4B334D82A0260C40097EA65 /* presenter */,
				A4B334D72A0260BA0097EA65 /* interactor */,
				A4B334D62A0260B00097EA65 /* protocols */,
				A4B334D52A0260A70097EA65 /* router */,
				A4B334D42A0260A00097EA65 /* view */,
			);
			path = "kisikayit-module";
			sourceTree = "<group>";
		};
		A4B334D22A0260720097EA65 /* kisiDetay-module */ = {
			isa = PBXGroup;
			children = (
				A4B334DA2A0260EF0097EA65 /* view */,
				A4B334DD2A0261070097EA65 /* presenter */,
				A4B334DC2A0260FD0097EA65 /* interactor */,
				A4B334DB2A0260F40097EA65 /* protocols */,
				A4B334D92A0260E90097EA65 /* router */,
			);
			path = "kisiDetay-module";
			sourceTree = "<group>";
		};
		A4B334D42A0260A00097EA65 /* view */ = {
			isa = PBXGroup;
			children = (
				A4B334C22A024EA80097EA65 /* KisiKayitVC.swift */,
			);
			path = view;
			sourceTree = "<group>";
		};
		A4B334D52A0260A70097EA65 /* router */ = {
			isa = PBXGroup;
			children = (
				A4B334EF2A0262880097EA65 /* KisiKayitRouter.swift */,
			);
			path = router;
			sourceTree = "<group>";
		};
		A4B334D62A0260B00097EA65 /* protocols */ = {
			isa = PBXGroup;
			children = (
				A4B334ED2A0262760097EA65 /* KisiKayitProtocols.swift */,
			);
			path = protocols;
			sourceTree = "<group>";
		};
		A4B334D72A0260BA0097EA65 /* interactor */ = {
			isa = PBXGroup;
			children = (
				A4B334EB2A0262440097EA65 /* KisiKayitInteractor.swift */,
			);
			path = interactor;
			sourceTree = "<group>";
		};
		A4B334D82A0260C40097EA65 /* presenter */ = {
			isa = PBXGroup;
			children = (
				A4B334E92A0262280097EA65 /* KisiKayitPresenter.swift */,
			);
			path = presenter;
			sourceTree = "<group>";
		};
		A4B334D92A0260E90097EA65 /* router */ = {
			isa = PBXGroup;
			children = (
				A4B334F72A0263090097EA65 /* KisiDetayRouter.swift */,
			);
			path = router;
			sourceTree = "<group>";
		};
		A4B334DA2A0260EF0097EA65 /* view */ = {
			isa = PBXGroup;
			children = (
				A4B334C42A024EB50097EA65 /* KisiDetayVC.swift */,
			);
			path = view;
			sourceTree = "<group>";
		};
		A4B334DB2A0260F40097EA65 /* protocols */ = {
			isa = PBXGroup;
			children = (
				A4B334F52A0262F80097EA65 /* KisiDetayProtocols.swift */,
			);
			path = protocols;
			sourceTree = "<group>";
		};
		A4B334DC2A0260FD0097EA65 /* interactor */ = {
			isa = PBXGroup;
			children = (
				A4B334F32A0262D30097EA65 /* KisiDetayInteractor.swift */,
			);
			path = interactor;
			sourceTree = "<group>";
		};
		A4B334DD2A0261070097EA65 /* presenter */ = {
			isa = PBXGroup;
			children = (
				A4B334F12A0262B80097EA65 /* KisiDetayPresenter.swift */,
			);
			path = presenter;
			sourceTree = "<group>";
		};
		A4B334DE2A0261400097EA65 /* tableView */ = {
			isa = PBXGroup;
			children = (
				A4B334C82A0256830097EA65 /* TableViewCell.swift */,
			);
			path = tableView;
			sourceTree = "<group>";
		};
		A4B334DF2A02614B0097EA65 /* entity */ = {
			isa = PBXGroup;
			children = (
				A4B334C62A0253100097EA65 /* Kisiler.swift */,
			);
			path = entity;
			sourceTree = "<group>";
		};
/* End PBXGroup section */

/* Begin PBXNativeTarget section */
		A4B334AA2A024DED0097EA65 /* PersonsAppVIPER */ = {
			isa = PBXNativeTarget;
			buildConfigurationList = A4B334BF2A024DEE0097EA65 /* Build configuration list for PBXNativeTarget "PersonsAppVIPER" */;
			buildPhases = (
				A4B334A72A024DED0097EA65 /* Sources */,
				A4B334A82A024DED0097EA65 /* Frameworks */,
				A4B334A92A024DED0097EA65 /* Resources */,
			);
			buildRules = (
			);
			dependencies = (
			);
			name = PersonsAppVIPER;
			packageProductDependencies = (
				A4FA47962A03B0D000A217EA /* FirebaseDatabase */,
			);
			productName = PersonsAppVIPER;
			productReference = A4B334AB2A024DED0097EA65 /* PersonsAppVIPER.app */;
			productType = "com.apple.product-type.application";
		};
/* End PBXNativeTarget section */

/* Begin PBXProject section */
		A4B334A32A024DED0097EA65 /* Project object */ = {
			isa = PBXProject;
			attributes = {
				BuildIndependentTargetsInParallel = 1;
				LastSwiftUpdateCheck = 1420;
				LastUpgradeCheck = 1420;
				TargetAttributes = {
					A4B334AA2A024DED0097EA65 = {
						CreatedOnToolsVersion = 14.2;
					};
				};
			};
			buildConfigurationList = A4B334A62A024DED0097EA65 /* Build configuration list for PBXProject "PersonsAppVIPER" */;
			compatibilityVersion = "Xcode 14.0";
			developmentRegion = en;
			hasScannedForEncodings = 0;
			knownRegions = (
				en,
				Base,
			);
			mainGroup = A4B334A22A024DED0097EA65;
			packageReferences = (
				A4FA47952A03B0D000A217EA /* XCRemoteSwiftPackageReference "firebase-ios-sdk" */,
			);
			productRefGroup = A4B334AC2A024DED0097EA65 /* Products */;
			projectDirPath = "";
			projectRoot = "";
			targets = (
				A4B334AA2A024DED0097EA65 /* PersonsAppVIPER */,
			);
		};
/* End PBXProject section */

/* Begin PBXResourcesBuildPhase section */
		A4B334A92A024DED0097EA65 /* Resources */ = {
			isa = PBXResourcesBuildPhase;
			buildActionMask = 2147483647;
			files = (
				A4B334BB2A024DEE0097EA65 /* LaunchScreen.storyboard in Resources */,
				A4FA47992A03B15B00A217EA /* GoogleService-Info.plist in Resources */,
				A4B334B82A024DEE0097EA65 /* Assets.xcassets in Resources */,
				A4B334B62A024DED0097EA65 /* Main.storyboard in Resources */,
			);
			runOnlyForDeploymentPostprocessing = 0;
		};
/* End PBXResourcesBuildPhase section */

/* Begin PBXSourcesBuildPhase section */
		A4B334A72A024DED0097EA65 /* Sources */ = {
			isa = PBXSourcesBuildPhase;
			buildActionMask = 2147483647;
			files = (
				A4B334EC2A0262440097EA65 /* KisiKayitInteractor.swift in Sources */,
				A4B334C52A024EB50097EA65 /* KisiDetayVC.swift in Sources */,
				A4B334F42A0262D30097EA65 /* KisiDetayInteractor.swift in Sources */,
				A4B334F22A0262B80097EA65 /* KisiDetayPresenter.swift in Sources */,
				A4B334F02A0262880097EA65 /* KisiKayitRouter.swift in Sources */,
				A4B334EA2A0262280097EA65 /* KisiKayitPresenter.swift in Sources */,
				A4B334B32A024DED0097EA65 /* AnasayfaVC.swift in Sources */,
				A4B334F62A0262F80097EA65 /* KisiDetayProtocols.swift in Sources */,
				A4B334AF2A024DED0097EA65 /* AppDelegate.swift in Sources */,
				A4B334E32A0261B60097EA65 /* AnasayfaInteractor.swift in Sources */,
				A4B334EE2A0262760097EA65 /* KisiKayitProtocols.swift in Sources */,
				A4B334B12A024DED0097EA65 /* SceneDelegate.swift in Sources */,
				A4B334E52A0261C70097EA65 /* AnasayfaProtocols.swift in Sources */,
				A4B334F82A0263090097EA65 /* KisiDetayRouter.swift in Sources */,
				A4B334C32A024EA80097EA65 /* KisiKayitVC.swift in Sources */,
				A4B334E82A0261D80097EA65 /* AnasayfaRouter.swift in Sources */,
				A4B334C92A0256830097EA65 /* TableViewCell.swift in Sources */,
				A4B334E12A02619E0097EA65 /* AnasayfaPresenter.swift in Sources */,
				A4B334C72A0253100097EA65 /* Kisiler.swift in Sources */,
			);
			runOnlyForDeploymentPostprocessing = 0;
		};
/* End PBXSourcesBuildPhase section */

/* Begin PBXVariantGroup section */
		A4B334B42A024DED0097EA65 /* Main.storyboard */ = {
			isa = PBXVariantGroup;
			children = (
				A4B334B52A024DED0097EA65 /* Base */,
			);
			name = Main.storyboard;
			sourceTree = "<group>";
		};
		A4B334B92A024DEE0097EA65 /* LaunchScreen.storyboard */ = {
			isa = PBXVariantGroup;
			children = (
				A4B334BA2A024DEE0097EA65 /* Base */,
			);
			name = LaunchScreen.storyboard;
			sourceTree = "<group>";
		};
/* End PBXVariantGroup section */

/* Begin XCBuildConfiguration section */
		A4B334BD2A024DEE0097EA65 /* Debug */ = {
			isa = XCBuildConfiguration;
			buildSettings = {
				ALWAYS_SEARCH_USER_PATHS = NO;
				CLANG_ANALYZER_NONNULL = YES;
				CLANG_ANALYZER_NUMBER_OBJECT_CONVERSION = YES_AGGRESSIVE;
				CLANG_CXX_LANGUAGE_STANDARD = "gnu++20";
				CLANG_ENABLE_MODULES = YES;
				CLANG_ENABLE_OBJC_ARC = YES;
				CLANG_ENABLE_OBJC_WEAK = YES;
				CLANG_WARN_BLOCK_CAPTURE_AUTORELEASING = YES;
				CLANG_WARN_BOOL_CONVERSION = YES;
				CLANG_WARN_COMMA = YES;
				CLANG_WARN_CONSTANT_CONVERSION = YES;
				CLANG_WARN_DEPRECATED_OBJC_IMPLEMENTATIONS = YES;
				CLANG_WARN_DIRECT_OBJC_ISA_USAGE = YES_ERROR;
				CLANG_WARN_DOCUMENTATION_COMMENTS = YES;
				CLANG_WARN_EMPTY_BODY = YES;
				CLANG_WARN_ENUM_CONVERSION = YES;
				CLANG_WARN_INFINITE_RECURSION = YES;
				CLANG_WARN_INT_CONVERSION = YES;
				CLANG_WARN_NON_LITERAL_NULL_CONVERSION = YES;
				CLANG_WARN_OBJC_IMPLICIT_RETAIN_SELF = YES;
				CLANG_WARN_OBJC_LITERAL_CONVERSION = YES;
				CLANG_WARN_OBJC_ROOT_CLASS = YES_ERROR;
				CLANG_WARN_QUOTED_INCLUDE_IN_FRAMEWORK_HEADER = YES;
				CLANG_WARN_RANGE_LOOP_ANALYSIS = YES;
				CLANG_WARN_STRICT_PROTOTYPES = YES;
				CLANG_WARN_SUSPICIOUS_MOVE = YES;
				CLANG_WARN_UNGUARDED_AVAILABILITY = YES_AGGRESSIVE;
				CLANG_WARN_UNREACHABLE_CODE = YES;
				CLANG_WARN__DUPLICATE_METHOD_MATCH = YES;
				COPY_PHASE_STRIP = NO;
				DEBUG_INFORMATION_FORMAT = dwarf;
				ENABLE_STRICT_OBJC_MSGSEND = YES;
				ENABLE_TESTABILITY = YES;
				GCC_C_LANGUAGE_STANDARD = gnu11;
				GCC_DYNAMIC_NO_PIC = NO;
				GCC_NO_COMMON_BLOCKS = YES;
				GCC_OPTIMIZATION_LEVEL = 0;
				GCC_PREPROCESSOR_DEFINITIONS = (
					"DEBUG=1",
					"$(inherited)",
				);
				GCC_WARN_64_TO_32_BIT_CONVERSION = YES;
				GCC_WARN_ABOUT_RETURN_TYPE = YES_ERROR;
				GCC_WARN_UNDECLARED_SELECTOR = YES;
				GCC_WARN_UNINITIALIZED_AUTOS = YES_AGGRESSIVE;
				GCC_WARN_UNUSED_FUNCTION = YES;
				GCC_WARN_UNUSED_VARIABLE = YES;
				IPHONEOS_DEPLOYMENT_TARGET = 16.2;
				MTL_ENABLE_DEBUG_INFO = INCLUDE_SOURCE;
				MTL_FAST_MATH = YES;
				ONLY_ACTIVE_ARCH = YES;
				SDKROOT = iphoneos;
				SWIFT_ACTIVE_COMPILATION_CONDITIONS = DEBUG;
				SWIFT_OPTIMIZATION_LEVEL = "-Onone";
			};
			name = Debug;
		};
		A4B334BE2A024DEE0097EA65 /* Release */ = {
			isa = XCBuildConfiguration;
			buildSettings = {
				ALWAYS_SEARCH_USER_PATHS = NO;
				CLANG_ANALYZER_NONNULL = YES;
				CLANG_ANALYZER_NUMBER_OBJECT_CONVERSION = YES_AGGRESSIVE;
				CLANG_CXX_LANGUAGE_STANDARD = "gnu++20";
				CLANG_ENABLE_MODULES = YES;
				CLANG_ENABLE_OBJC_ARC = YES;
				CLANG_ENABLE_OBJC_WEAK = YES;
				CLANG_WARN_BLOCK_CAPTURE_AUTORELEASING = YES;
				CLANG_WARN_BOOL_CONVERSION = YES;
				CLANG_WARN_COMMA = YES;
				CLANG_WARN_CONSTANT_CONVERSION = YES;
				CLANG_WARN_DEPRECATED_OBJC_IMPLEMENTATIONS = YES;
				CLANG_WARN_DIRECT_OBJC_ISA_USAGE = YES_ERROR;
				CLANG_WARN_DOCUMENTATION_COMMENTS = YES;
				CLANG_WARN_EMPTY_BODY = YES;
				CLANG_WARN_ENUM_CONVERSION = YES;
				CLANG_WARN_INFINITE_RECURSION = YES;
				CLANG_WARN_INT_CONVERSION = YES;
				CLANG_WARN_NON_LITERAL_NULL_CONVERSION = YES;
				CLANG_WARN_OBJC_IMPLICIT_RETAIN_SELF = YES;
				CLANG_WARN_OBJC_LITERAL_CONVERSION = YES;
				CLANG_WARN_OBJC_ROOT_CLASS = YES_ERROR;
				CLANG_WARN_QUOTED_INCLUDE_IN_FRAMEWORK_HEADER = YES;
				CLANG_WARN_RANGE_LOOP_ANALYSIS = YES;
				CLANG_WARN_STRICT_PROTOTYPES = YES;
				CLANG_WARN_SUSPICIOUS_MOVE = YES;
				CLANG_WARN_UNGUARDED_AVAILABILITY = YES_AGGRESSIVE;
				CLANG_WARN_UNREACHABLE_CODE = YES;
				CLANG_WARN__DUPLICATE_METHOD_MATCH = YES;
				COPY_PHASE_STRIP = NO;
				DEBUG_INFORMATION_FORMAT = "dwarf-with-dsym";
				ENABLE_NS_ASSERTIONS = NO;
				ENABLE_STRICT_OBJC_MSGSEND = YES;
				GCC_C_LANGUAGE_STANDARD = gnu11;
				GCC_NO_COMMON_BLOCKS = YES;
				GCC_WARN_64_TO_32_BIT_CONVERSION = YES;
				GCC_WARN_ABOUT_RETURN_TYPE = YES_ERROR;
				GCC_WARN_UNDECLARED_SELECTOR = YES;
				GCC_WARN_UNINITIALIZED_AUTOS = YES_AGGRESSIVE;
				GCC_WARN_UNUSED_FUNCTION = YES;
				GCC_WARN_UNUSED_VARIABLE = YES;
				IPHONEOS_DEPLOYMENT_TARGET = 16.2;
				MTL_ENABLE_DEBUG_INFO = NO;
				MTL_FAST_MATH = YES;
				SDKROOT = iphoneos;
				SWIFT_COMPILATION_MODE = wholemodule;
				SWIFT_OPTIMIZATION_LEVEL = "-O";
				VALIDATE_PRODUCT = YES;
			};
			name = Release;
		};
		A4B334C02A024DEE0097EA65 /* Debug */ = {
			isa = XCBuildConfiguration;
			buildSettings = {
				ASSETCATALOG_COMPILER_APPICON_NAME = AppIcon;
				ASSETCATALOG_COMPILER_GLOBAL_ACCENT_COLOR_NAME = AccentColor;
				CODE_SIGN_STYLE = Automatic;
				CURRENT_PROJECT_VERSION = 1;
				DEVELOPMENT_TEAM = NF9R7KNMC7;
				GENERATE_INFOPLIST_FILE = YES;
				INFOPLIST_FILE = PersonsAppVIPER/Info.plist;
				INFOPLIST_KEY_UIApplicationSupportsIndirectInputEvents = YES;
				INFOPLIST_KEY_UILaunchStoryboardName = LaunchScreen;
				INFOPLIST_KEY_UIMainStoryboardFile = Main;
				INFOPLIST_KEY_UISupportedInterfaceOrientations_iPad = "UIInterfaceOrientationPortrait UIInterfaceOrientationPortraitUpsideDown UIInterfaceOrientationLandscapeLeft UIInterfaceOrientationLandscapeRight";
				INFOPLIST_KEY_UISupportedInterfaceOrientations_iPhone = "UIInterfaceOrientationPortrait UIInterfaceOrientationLandscapeLeft UIInterfaceOrientationLandscapeRight";
				LD_RUNPATH_SEARCH_PATHS = (
					"$(inherited)",
					"@executable_path/Frameworks",
				);
				MARKETING_VERSION = 1.0;
				PRODUCT_BUNDLE_IDENTIFIER = com.eyuphanakkaya.PersonsAppVIPER;
				PRODUCT_NAME = "$(TARGET_NAME)";
				SWIFT_EMIT_LOC_STRINGS = YES;
				SWIFT_VERSION = 5.0;
				TARGETED_DEVICE_FAMILY = "1,2";
			};
			name = Debug;
		};
		A4B334C12A024DEE0097EA65 /* Release */ = {
			isa = XCBuildConfiguration;
			buildSettings = {
				ASSETCATALOG_COMPILER_APPICON_NAME = AppIcon;
				ASSETCATALOG_COMPILER_GLOBAL_ACCENT_COLOR_NAME = AccentColor;
				CODE_SIGN_STYLE = Automatic;
				CURRENT_PROJECT_VERSION = 1;
				DEVELOPMENT_TEAM = NF9R7KNMC7;
				GENERATE_INFOPLIST_FILE = YES;
				INFOPLIST_FILE = PersonsAppVIPER/Info.plist;
				INFOPLIST_KEY_UIApplicationSupportsIndirectInputEvents = YES;
				INFOPLIST_KEY_UILaunchStoryboardName = LaunchScreen;
				INFOPLIST_KEY_UIMainStoryboardFile = Main;
				INFOPLIST_KEY_UISupportedInterfaceOrientations_iPad = "UIInterfaceOrientationPortrait UIInterfaceOrientationPortraitUpsideDown UIInterfaceOrientationLandscapeLeft UIInterfaceOrientationLandscapeRight";
				INFOPLIST_KEY_UISupportedInterfaceOrientations_iPhone = "UIInterfaceOrientationPortrait UIInterfaceOrientationLandscapeLeft UIInterfaceOrientationLandscapeRight";
				LD_RUNPATH_SEARCH_PATHS = (
					"$(inherited)",
					"@executable_path/Frameworks",
				);
				MARKETING_VERSION = 1.0;
				PRODUCT_BUNDLE_IDENTIFIER = com.eyuphanakkaya.PersonsAppVIPER;
				PRODUCT_NAME = "$(TARGET_NAME)";
				SWIFT_EMIT_LOC_STRINGS = YES;
				SWIFT_VERSION = 5.0;
				TARGETED_DEVICE_FAMILY = "1,2";
			};
			name = Release;
		};
/* End XCBuildConfiguration section */

/* Begin XCConfigurationList section */
		A4B334A62A024DED0097EA65 /* Build configuration list for PBXProject "PersonsAppVIPER" */ = {
			isa = XCConfigurationList;
			buildConfigurations = (
				A4B334BD2A024DEE0097EA65 /* Debug */,
				A4B334BE2A024DEE0097EA65 /* Release */,
			);
			defaultConfigurationIsVisible = 0;
			defaultConfigurationName = Release;
		};
		A4B334BF2A024DEE0097EA65 /* Build configuration list for PBXNativeTarget "PersonsAppVIPER" */ = {
			isa = XCConfigurationList;
			buildConfigurations = (
				A4B334C02A024DEE0097EA65 /* Debug */,
				A4B334C12A024DEE0097EA65 /* Release */,
			);
			defaultConfigurationIsVisible = 0;
			defaultConfigurationName = Release;
		};
/* End XCConfigurationList section */

/* Begin XCRemoteSwiftPackageReference section */
		A4FA47952A03B0D000A217EA /* XCRemoteSwiftPackageReference "firebase-ios-sdk" */ = {
			isa = XCRemoteSwiftPackageReference;
			repositoryURL = "https://github.com/firebase/firebase-ios-sdk";
			requirement = {
				branch = master;
				kind = branch;
			};
		};
/* End XCRemoteSwiftPackageReference section */

/* Begin XCSwiftPackageProductDependency section */
		A4FA47962A03B0D000A217EA /* FirebaseDatabase */ = {
			isa = XCSwiftPackageProductDependency;
			package = A4FA47952A03B0D000A217EA /* XCRemoteSwiftPackageReference "firebase-ios-sdk" */;
			productName = FirebaseDatabase;
		};
/* End XCSwiftPackageProductDependency section */
	};
	rootObject = A4B334A32A024DED0097EA65 /* Project object */;
}
